
Microsoft Visual Studio Solution File, Format Version 12.00
# Visual Studio Version 17
VisualStudioVersion = 17.0.32112.339
MinimumVisualStudioVersion = 10.0.40219.1
Project("{FAE04EC0-301F-11D3-BF4B-00C04F79EFBC}") = "Adventure Game", "Adventure Game\Adventure Game.csproj", "{7DA4E1CD-0D82-4E64-AB38-7B32521387D5}"
EndProject
Global
	GlobalSection(SolutionConfigurationPlatforms) = preSolution
		Debug|Any CPU = Debug|Any CPU
		Release|Any CPU = Release|Any CPU
	EndGlobalSection
	GlobalSection(ProjectConfigurationPlatforms) = postSolution
		{7DA4E1CD-0D82-4E64-AB38-7B32521387D5}.Debug|Any CPU.ActiveCfg = Debug|Any CPU
		{7DA4E1CD-0D82-4E64-AB38-7B32521387D5}.Debug|Any CPU.Build.0 = Debug|Any CPU
		{7DA4E1CD-0D82-4E64-AB38-7B32521387D5}.Release|Any CPU.ActiveCfg = Release|Any CPU
		{7DA4E1CD-0D82-4E64-AB38-7B32521387D5}.Release|Any CPU.Build.0 = Release|Any CPU
	EndGlobalSection
	GlobalSection(SolutionProperties) = preSolution
		HideSolutionNode = FALSE
	EndGlobalSection
	GlobalSection(ExtensibilityGlobals) = postSolution
		SolutionGuid = {3E9D9C2A-A73A-4D5A-8D4B-2A2DEE7694C9}
	EndGlobalSection
EndGlobal
